
Microsoft Visual Studio Solution File, Format Version 12.00
# Visual Studio Version 16
VisualStudioVersion = 16.0.31424.327
MinimumVisualStudioVersion = 10.0.40219.1
Project("{FAE04EC0-301F-11D3-BF4B-00C04F79EFBC}") = "Tasker.Android", "Tasker.Android\Tasker.Android.csproj", "{566FC0F7-3EA7-44B2-B5D4-53CDE47F682C}"
EndProject
Project("{FAE04EC0-301F-11D3-BF4B-00C04F79EFBC}") = "Tasker", "Tasker\Tasker.csproj", "{C1F23C39-2433-42E2-BE84-54F3F9D63900}"
EndProject
Global
	GlobalSection(SolutionConfigurationPlatforms) = preSolution
		Debug|Any CPU = Debug|Any CPU
		Debug|iPhone = Debug|iPhone
		Debug|iPhoneSimulator = Debug|iPhoneSimulator
		Release|Any CPU = Release|Any CPU
		Release|iPhone = Release|iPhone
		Release|iPhoneSimulator = Release|iPhoneSimulator
	EndGlobalSection
	GlobalSection(ProjectConfigurationPlatforms) = postSolution
		{566FC0F7-3EA7-44B2-B5D4-53CDE47F682C}.Debug|Any CPU.ActiveCfg = Debug|Any CPU
		{566FC0F7-3EA7-44B2-B5D4-53CDE47F682C}.Debug|Any CPU.Build.0 = Debug|Any CPU
		{566FC0F7-3EA7-44B2-B5D4-53CDE47F682C}.Debug|Any CPU.Deploy.0 = Debug|Any CPU
		{566FC0F7-3EA7-44B2-B5D4-53CDE47F682C}.Debug|iPhone.ActiveCfg = Debug|Any CPU
		{566FC0F7-3EA7-44B2-B5D4-53CDE47F682C}.Debug|iPhone.Build.0 = Debug|Any CPU
		{566FC0F7-3EA7-44B2-B5D4-53CDE47F682C}.Debug|iPhone.Deploy.0 = Debug|Any CPU
		{566FC0F7-3EA7-44B2-B5D4-53CDE47F682C}.Debug|iPhoneSimulator.ActiveCfg = Debug|Any CPU
		{566FC0F7-3EA7-44B2-B5D4-53CDE47F682C}.Debug|iPhoneSimulator.Build.0 = Debug|Any CPU
		{566FC0F7-3EA7-44B2-B5D4-53CDE47F682C}.Debug|iPhoneSimulator.Deploy.0 = Debug|Any CPU
		{566FC0F7-3EA7-44B2-B5D4-53CDE47F682C}.Release|Any CPU.ActiveCfg = Release|Any CPU
		{566FC0F7-3EA7-44B2-B5D4-53CDE47F682C}.Release|Any CPU.Build.0 = Release|Any CPU
		{566FC0F7-3EA7-44B2-B5D4-53CDE47F682C}.Release|Any CPU.Deploy.0 = Release|Any CPU
		{566FC0F7-3EA7-44B2-B5D4-53CDE47F682C}.Release|iPhone.ActiveCfg = Release|Any CPU
		{566FC0F7-3EA7-44B2-B5D4-53CDE47F682C}.Release|iPhone.Build.0 = Release|Any CPU
		{566FC0F7-3EA7-44B2-B5D4-53CDE47F682C}.Release|iPhone.Deploy.0 = Release|Any CPU
		{566FC0F7-3EA7-44B2-B5D4-53CDE47F682C}.Release|iPhoneSimulator.ActiveCfg = Release|Any CPU
		{566FC0F7-3EA7-44B2-B5D4-53CDE47F682C}.Release|iPhoneSimulator.Build.0 = Release|Any CPU
		{566FC0F7-3EA7-44B2-B5D4-53CDE47F682C}.Release|iPhoneSimulator.Deploy.0 = Release|Any CPU
		{C1F23C39-2433-42E2-BE84-54F3F9D63900}.Debug|Any CPU.ActiveCfg = Debug|Any CPU
		{C1F23C39-2433-42E2-BE84-54F3F9D63900}.Debug|Any CPU.Build.0 = Debug|Any CPU
		{C1F23C39-2433-42E2-BE84-54F3F9D63900}.Debug|Any CPU.Deploy.0 = Debug|Any CPU
		{C1F23C39-2433-42E2-BE84-54F3F9D63900}.Debug|iPhone.ActiveCfg = Debug|Any CPU
		{C1F23C39-2433-42E2-BE84-54F3F9D63900}.Debug|iPhone.Build.0 = Debug|Any CPU
		{C1F23C39-2433-42E2-BE84-54F3F9D63900}.Debug|iPhone.Deploy.0 = Debug|Any CPU
		{C1F23C39-2433-42E2-BE84-54F3F9D63900}.Debug|iPhoneSimulator.ActiveCfg = Debug|Any CPU
		{C1F23C39-2433-42E2-BE84-54F3F9D63900}.Debug|iPhoneSimulator.Build.0 = Debug|Any CPU
		{C1F23C39-2433-42E2-BE84-54F3F9D63900}.Debug|iPhoneSimulator.Deploy.0 = Debug|Any CPU
		{C1F23C39-2433-42E2-BE84-54F3F9D63900}.Release|Any CPU.ActiveCfg = Release|Any CPU
		{C1F23C39-2433-42E2-BE84-54F3F9D63900}.Release|Any CPU.Build.0 = Release|Any CPU
		{C1F23C39-2433-42E2-BE84-54F3F9D63900}.Release|Any CPU.Deploy.0 = Release|Any CPU
		{C1F23C39-2433-42E2-BE84-54F3F9D63900}.Release|iPhone.ActiveCfg = Release|Any CPU
		{C1F23C39-2433-42E2-BE84-54F3F9D63900}.Release|iPhone.Build.0 = Release|Any CPU
		{C1F23C39-2433-42E2-BE84-54F3F9D63900}.Release|iPhone.Deploy.0 = Release|Any CPU
		{C1F23C39-2433-42E2-BE84-54F3F9D63900}.Release|iPhoneSimulator.ActiveCfg = Release|Any CPU
		{C1F23C39-2433-42E2-BE84-54F3F9D63900}.Release|iPhoneSimulator.Build.0 = Release|Any CPU
		{C1F23C39-2433-42E2-BE84-54F3F9D63900}.Release|iPhoneSimulator.Deploy.0 = Release|Any CPU
	EndGlobalSection
	GlobalSection(SolutionProperties) = preSolution
		HideSolutionNode = FALSE
	EndGlobalSection
	GlobalSection(ExtensibilityGlobals) = postSolution
		SolutionGuid = {7D73B973-10EC-4B26-8D10-B1BD05C64126}
	EndGlobalSection
EndGlobal
